// !$*UTF8*$!
{
	archiveVersion = 1;
	classes = {
	};
	objectVersion = 50;
	objects = {

/* Begin PBXBuildFile section */
		33033058EC8C641B1A63F3F5 /* Pods_File_Manager.framework in Frameworks */ = {isa = PBXBuildFile; fileRef = 75FE9F36F34995BE96741298 /* Pods_File_Manager.framework */; };
		C5274BB421A17C3A00144BD6 /* Helper.swift in Sources */ = {isa = PBXBuildFile; fileRef = C5274BB321A17C3A00144BD6 /* Helper.swift */; };
		C53389602194BAA10028F84A /* Type.swift in Sources */ = {isa = PBXBuildFile; fileRef = C533895F2194BAA10028F84A /* Type.swift */; };
		C5376A0E2188ECCE00C10A96 /* PodFile in Resources */ = {isa = PBXBuildFile; fileRef = C5376A0D2188ECCE00C10A96 /* PodFile */; };
		C537C18D218869BA009036EA /* FolderAndFileCell.swift in Sources */ = {isa = PBXBuildFile; fileRef = C537C18C218869BA009036EA /* FolderAndFileCell.swift */; };
		C537C18F21886D75009036EA /* Brains.swift in Sources */ = {isa = PBXBuildFile; fileRef = C537C18E21886D75009036EA /* Brains.swift */; };
		C54DB59E2198C13F000F6E0B /* DirectoryViewModel.swift in Sources */ = {isa = PBXBuildFile; fileRef = C54DB59D2198C13F000F6E0B /* DirectoryViewModel.swift */; };
		C5631C8721931DFD00BE9476 /* PDFViewController.swift in Sources */ = {isa = PBXBuildFile; fileRef = C5631C8621931DFD00BE9476 /* PDFViewController.swift */; };
		C5631C8921932F8900BE9476 /* TextViewController.swift in Sources */ = {isa = PBXBuildFile; fileRef = C5631C8821932F8900BE9476 /* TextViewController.swift */; };
		C5631C8B2193910900BE9476 /* Content.swift in Sources */ = {isa = PBXBuildFile; fileRef = C5631C8A2193910900BE9476 /* Content.swift */; };
		C5C0A917218338CF004A7F69 /* FileViewController.swift in Sources */ = {isa = PBXBuildFile; fileRef = C5C0A916218338CF004A7F69 /* FileViewController.swift */; };
		C5DE221F2181D741003376B3 /* AppDelegate.swift in Sources */ = {isa = PBXBuildFile; fileRef = C5DE221E2181D741003376B3 /* AppDelegate.swift */; };
		C5DE22242181D741003376B3 /* Main.storyboard in Resources */ = {isa = PBXBuildFile; fileRef = C5DE22222181D741003376B3 /* Main.storyboard */; };
		C5DE22262181D748003376B3 /* Assets.xcassets in Resources */ = {isa = PBXBuildFile; fileRef = C5DE22252181D748003376B3 /* Assets.xcassets */; };
		C5DE22292181D748003376B3 /* LaunchScreen.storyboard in Resources */ = {isa = PBXBuildFile; fileRef = C5DE22272181D748003376B3 /* LaunchScreen.storyboard */; };
		C5DE22352181D956003376B3 /* DirectoryController.swift in Sources */ = {isa = PBXBuildFile; fileRef = C5DE22342181D956003376B3 /* DirectoryController.swift */; };
		C5F7721B218B08770091EBBB /* ImageViewController.swift in Sources */ = {isa = PBXBuildFile; fileRef = C5F7721A218B08770091EBBB /* ImageViewController.swift */; };
		C5F7C79B2184A0EC009368B3 /* FolderViewController.swift in Sources */ = {isa = PBXBuildFile; fileRef = C5F7C79A2184A0EC009368B3 /* FolderViewController.swift */; };
/* End PBXBuildFile section */

/* Begin PBXFileReference section */
		4628B7DEBA83BBD0FDBB3A00 /* Pods-File Manager.release.xcconfig */ = {isa = PBXFileReference; includeInIndex = 1; lastKnownFileType = text.xcconfig; name = "Pods-File Manager.release.xcconfig"; path = "Pods/Target Support Files/Pods-File Manager/Pods-File Manager.release.xcconfig"; sourceTree = "<group>"; };
		75FE9F36F34995BE96741298 /* Pods_File_Manager.framework */ = {isa = PBXFileReference; explicitFileType = wrapper.framework; includeInIndex = 0; path = Pods_File_Manager.framework; sourceTree = BUILT_PRODUCTS_DIR; };
		B95AAC849C26D0C90452099C /* Pods-File Manager.debug.xcconfig */ = {isa = PBXFileReference; includeInIndex = 1; lastKnownFileType = text.xcconfig; name = "Pods-File Manager.debug.xcconfig"; path = "Pods/Target Support Files/Pods-File Manager/Pods-File Manager.debug.xcconfig"; sourceTree = "<group>"; };
		C5274BB321A17C3A00144BD6 /* Helper.swift */ = {isa = PBXFileReference; lastKnownFileType = sourcecode.swift; path = Helper.swift; sourceTree = "<group>"; };
		C533895F2194BAA10028F84A /* Type.swift */ = {isa = PBXFileReference; lastKnownFileType = sourcecode.swift; path = Type.swift; sourceTree = "<group>"; };
		C5376A0D2188ECCE00C10A96 /* PodFile */ = {isa = PBXFileReference; lastKnownFileType = text; path = PodFile; sourceTree = "<group>"; };
		C537C18C218869BA009036EA /* FolderAndFileCell.swift */ = {isa = PBXFileReference; lastKnownFileType = sourcecode.swift; path = FolderAndFileCell.swift; sourceTree = "<group>"; };
		C537C18E21886D75009036EA /* Brains.swift */ = {isa = PBXFileReference; lastKnownFileType = sourcecode.swift; path = Brains.swift; sourceTree = "<group>"; };
		C54DB59D2198C13F000F6E0B /* DirectoryViewModel.swift */ = {isa = PBXFileReference; lastKnownFileType = sourcecode.swift; path = DirectoryViewModel.swift; sourceTree = "<group>"; };
		C5631C8621931DFD00BE9476 /* PDFViewController.swift */ = {isa = PBXFileReference; lastKnownFileType = sourcecode.swift; path = PDFViewController.swift; sourceTree = "<group>"; };
		C5631C8821932F8900BE9476 /* TextViewController.swift */ = {isa = PBXFileReference; lastKnownFileType = sourcecode.swift; path = TextViewController.swift; sourceTree = "<group>"; };
		C5631C8A2193910900BE9476 /* Content.swift */ = {isa = PBXFileReference; lastKnownFileType = sourcecode.swift; path = Content.swift; sourceTree = "<group>"; };
		C5C0A916218338CF004A7F69 /* FileViewController.swift */ = {isa = PBXFileReference; lastKnownFileType = sourcecode.swift; path = FileViewController.swift; sourceTree = "<group>"; };
		C5DE221B2181D741003376B3 /* File Manager.app */ = {isa = PBXFileReference; explicitFileType = wrapper.application; includeInIndex = 0; path = "File Manager.app"; sourceTree = BUILT_PRODUCTS_DIR; };
		C5DE221E2181D741003376B3 /* AppDelegate.swift */ = {isa = PBXFileReference; lastKnownFileType = sourcecode.swift; path = AppDelegate.swift; sourceTree = "<group>"; };
		C5DE22232181D741003376B3 /* Base */ = {isa = PBXFileReference; lastKnownFileType = file.storyboard; name = Base; path = Base.lproj/Main.storyboard; sourceTree = "<group>"; };
		C5DE22252181D748003376B3 /* Assets.xcassets */ = {isa = PBXFileReference; lastKnownFileType = folder.assetcatalog; path = Assets.xcassets; sourceTree = "<group>"; };
		C5DE22282181D748003376B3 /* Base */ = {isa = PBXFileReference; lastKnownFileType = file.storyboard; name = Base; path = Base.lproj/LaunchScreen.storyboard; sourceTree = "<group>"; };
		C5DE222A2181D748003376B3 /* Info.plist */ = {isa = PBXFileReference; lastKnownFileType = text.plist.xml; path = Info.plist; sourceTree = "<group>"; };
		C5DE22342181D956003376B3 /* DirectoryController.swift */ = {isa = PBXFileReference; lastKnownFileType = sourcecode.swift; path = DirectoryController.swift; sourceTree = "<group>"; };
		C5F7721A218B08770091EBBB /* ImageViewController.swift */ = {isa = PBXFileReference; lastKnownFileType = sourcecode.swift; path = ImageViewController.swift; sourceTree = "<group>"; };
		C5F7C79A2184A0EC009368B3 /* FolderViewController.swift */ = {isa = PBXFileReference; lastKnownFileType = sourcecode.swift; path = FolderViewController.swift; sourceTree = "<group>"; };
/* End PBXFileReference section */

/* Begin PBXFrameworksBuildPhase section */
		C5DE22182181D741003376B3 /* Frameworks */ = {
			isa = PBXFrameworksBuildPhase;
			buildActionMask = 2147483647;
			files = (
				33033058EC8C641B1A63F3F5 /* Pods_File_Manager.framework in Frameworks */,
			);
			runOnlyForDeploymentPostprocessing = 0;
		};
/* End PBXFrameworksBuildPhase section */

/* Begin PBXGroup section */
		6B4D264AB9620C90413AC895 /* Frameworks */ = {
			isa = PBXGroup;
			children = (
				75FE9F36F34995BE96741298 /* Pods_File_Manager.framework */,
			);
			name = Frameworks;
			sourceTree = "<group>";
		};
		70A79E71912E4991BCC1D406 /* Pods */ = {
			isa = PBXGroup;
			children = (
				B95AAC849C26D0C90452099C /* Pods-File Manager.debug.xcconfig */,
				4628B7DEBA83BBD0FDBB3A00 /* Pods-File Manager.release.xcconfig */,
			);
			name = Pods;
			sourceTree = "<group>";
		};
		C537C19021886D81009036EA /* Model */ = {
			isa = PBXGroup;
			children = (
				C537C18E21886D75009036EA /* Brains.swift */,
				C5631C8A2193910900BE9476 /* Content.swift */,
				C533895F2194BAA10028F84A /* Type.swift */,
				C5274BB321A17C3A00144BD6 /* Helper.swift */,
			);
			path = Model;
			sourceTree = "<group>";
		};
		C54DB59C2198C0F9000F6E0B /* ViewControllers */ = {
			isa = PBXGroup;
			children = (
				C5631C8821932F8900BE9476 /* TextViewController.swift */,
				C5631C8621931DFD00BE9476 /* PDFViewController.swift */,
				C5F7721A218B08770091EBBB /* ImageViewController.swift */,
				C5F7C79A2184A0EC009368B3 /* FolderViewController.swift */,
				C5C0A916218338CF004A7F69 /* FileViewController.swift */,
				C5DE22342181D956003376B3 /* DirectoryController.swift */,
			);
			path = ViewControllers;
			sourceTree = "<group>";
		};
		C5631C8C219399FF00BE9476 /* VievModel */ = {
			isa = PBXGroup;
			children = (
				C54DB59D2198C13F000F6E0B /* DirectoryViewModel.swift */,
			);
			path = VievModel;
			sourceTree = "<group>";
		};
		C5DCA178218342C300E7EF82 /* DirectoryControllerCells */ = {
			isa = PBXGroup;
			children = (
				C537C18C218869BA009036EA /* FolderAndFileCell.swift */,
			);
			path = DirectoryControllerCells;
			sourceTree = "<group>";
		};
		C5DE22122181D741003376B3 = {
			isa = PBXGroup;
			children = (
				C5376A0D2188ECCE00C10A96 /* PodFile */,
				C5DE221D2181D741003376B3 /* File Manager */,
				C5DE221C2181D741003376B3 /* Products */,
				70A79E71912E4991BCC1D406 /* Pods */,
				6B4D264AB9620C90413AC895 /* Frameworks */,
			);
			sourceTree = "<group>";
		};
		C5DE221C2181D741003376B3 /* Products */ = {
			isa = PBXGroup;
			children = (
				C5DE221B2181D741003376B3 /* File Manager.app */,
			);
			name = Products;
			sourceTree = "<group>";
		};
		C5DE221D2181D741003376B3 /* File Manager */ = {
			isa = PBXGroup;
			children = (
				C54DB59C2198C0F9000F6E0B /* ViewControllers */,
				C5631C8C219399FF00BE9476 /* VievModel */,
				C5DE221E2181D741003376B3 /* AppDelegate.swift */,
				C5DE22252181D748003376B3 /* Assets.xcassets */,
				C5DE22272181D748003376B3 /* LaunchScreen.storyboard */,
				C5DE222A2181D748003376B3 /* Info.plist */,
				C5F3D74921970C3B00082AD5 /* Storyboards */,
				C537C19021886D81009036EA /* Model */,
				C5DCA178218342C300E7EF82 /* DirectoryControllerCells */,
			);
			path = "File Manager";
			sourceTree = "<group>";
		};
		C5F3D74921970C3B00082AD5 /* Storyboards */ = {
			isa = PBXGroup;
			children = (
				C5DE22222181D741003376B3 /* Main.storyboard */,
			);
			path = Storyboards;
			sourceTree = "<group>";
		};
/* End PBXGroup section */

/* Begin PBXNativeTarget section */
		C5DE221A2181D741003376B3 /* File Manager */ = {
			isa = PBXNativeTarget;
			buildConfigurationList = C5DE222D2181D748003376B3 /* Build configuration list for PBXNativeTarget "File Manager" */;
			buildPhases = (
				3FC76C8396A978BD34C3C3DB /* [CP] Check Pods Manifest.lock */,
				C5DE22172181D741003376B3 /* Sources */,
				C5DE22182181D741003376B3 /* Frameworks */,
				C5DE22192181D741003376B3 /* Resources */,
				C5376A0F2188F04400C10A96 /* SwiftLint */,
				59578ADBEC4575F1A8B7455D /* [CP] Embed Pods Frameworks */,
			);
			buildRules = (
			);
			dependencies = (
			);
			name = "File Manager";
			productName = "File Manager";
			productReference = C5DE221B2181D741003376B3 /* File Manager.app */;
			productType = "com.apple.product-type.application";
		};
/* End PBXNativeTarget section */

/* Begin PBXProject section */
		C5DE22132181D741003376B3 /* Project object */ = {
			isa = PBXProject;
			attributes = {
				LastSwiftUpdateCheck = 1000;
				LastUpgradeCheck = 1000;
				ORGANIZATIONNAME = Serhii;
				TargetAttributes = {
					C5DE221A2181D741003376B3 = {
						CreatedOnToolsVersion = 10.0;
					};
				};
			};
			buildConfigurationList = C5DE22162181D741003376B3 /* Build configuration list for PBXProject "File Manager" */;
			compatibilityVersion = "Xcode 9.3";
			developmentRegion = en;
			hasScannedForEncodings = 0;
			knownRegions = (
				en,
				Base,
			);
			mainGroup = C5DE22122181D741003376B3;
			productRefGroup = C5DE221C2181D741003376B3 /* Products */;
			projectDirPath = "";
			projectRoot = "";
			targets = (
				C5DE221A2181D741003376B3 /* File Manager */,
			);
		};
/* End PBXProject section */

/* Begin PBXResourcesBuildPhase section */
		C5DE22192181D741003376B3 /* Resources */ = {
			isa = PBXResourcesBuildPhase;
			buildActionMask = 2147483647;
			files = (
				C5DE22292181D748003376B3 /* LaunchScreen.storyboard in Resources */,
				C5DE22262181D748003376B3 /* Assets.xcassets in Resources */,
				C5376A0E2188ECCE00C10A96 /* PodFile in Resources */,
				C5DE22242181D741003376B3 /* Main.storyboard in Resources */,
			);
			runOnlyForDeploymentPostprocessing = 0;
		};
/* End PBXResourcesBuildPhase section */

/* Begin PBXShellScriptBuildPhase section */
		3FC76C8396A978BD34C3C3DB /* [CP] Check Pods Manifest.lock */ = {
			isa = PBXShellScriptBuildPhase;
			buildActionMask = 2147483647;
			files = (
			);
			inputFileListPaths = (
			);
			inputPaths = (
				"${PODS_PODFILE_DIR_PATH}/Podfile.lock",
				"${PODS_ROOT}/Manifest.lock",
			);
			name = "[CP] Check Pods Manifest.lock";
			outputFileListPaths = (
			);
			outputPaths = (
				"$(DERIVED_FILE_DIR)/Pods-File Manager-checkManifestLockResult.txt",
			);
			runOnlyForDeploymentPostprocessing = 0;
			shellPath = /bin/sh;
			shellScript = "diff \"${PODS_PODFILE_DIR_PATH}/Podfile.lock\" \"${PODS_ROOT}/Manifest.lock\" > /dev/null\nif [ $? != 0 ] ; then\n    # print error to STDERR\n    echo \"error: The sandbox is not in sync with the Podfile.lock. Run 'pod install' or update your CocoaPods installation.\" >&2\n    exit 1\nfi\n# This output is used by Xcode 'outputs' to avoid re-running this script phase.\necho \"SUCCESS\" > \"${SCRIPT_OUTPUT_FILE_0}\"\n";
			showEnvVarsInLog = 0;
		};
		59578ADBEC4575F1A8B7455D /* [CP] Embed Pods Frameworks */ = {
			isa = PBXShellScriptBuildPhase;
			buildActionMask = 2147483647;
			files = (
			);
			inputFileListPaths = (
			);
			inputPaths = (
				"${SRCROOT}/Pods/Target Support Files/Pods-File Manager/Pods-File Manager-frameworks.sh",
				"${PODS_ROOT}/Reveal-SDK/RevealServer-19/iOS/RevealServer.framework",
				"${BUILT_PRODUCTS_DIR}/RxCocoa/RxCocoa.framework",
				"${BUILT_PRODUCTS_DIR}/RxSwift/RxSwift.framework",
			);
			name = "[CP] Embed Pods Frameworks";
			outputFileListPaths = (
			);
			outputPaths = (
				"${TARGET_BUILD_DIR}/${FRAMEWORKS_FOLDER_PATH}/RevealServer.framework",
				"${TARGET_BUILD_DIR}/${FRAMEWORKS_FOLDER_PATH}/RxCocoa.framework",
				"${TARGET_BUILD_DIR}/${FRAMEWORKS_FOLDER_PATH}/RxSwift.framework",
			);
			runOnlyForDeploymentPostprocessing = 0;
			shellPath = /bin/sh;
			shellScript = "\"${SRCROOT}/Pods/Target Support Files/Pods-File Manager/Pods-File Manager-frameworks.sh\"\n";
			showEnvVarsInLog = 0;
		};
		C5376A0F2188F04400C10A96 /* SwiftLint */ = {
			isa = PBXShellScriptBuildPhase;
			buildActionMask = 2147483647;
			files = (
			);
			inputFileListPaths = (
			);
			inputPaths = (
			);
			name = SwiftLint;
			outputFileListPaths = (
			);
			outputPaths = (
			);
			runOnlyForDeploymentPostprocessing = 0;
			shellPath = /bin/sh;
			shellScript = "${PODS_ROOT}/SwiftLint/swiftlint\n";
		};
/* End PBXShellScriptBuildPhase section */

/* Begin PBXSourcesBuildPhase section */
		C5DE22172181D741003376B3 /* Sources */ = {
			isa = PBXSourcesBuildPhase;
			buildActionMask = 2147483647;
			files = (
				C54DB59E2198C13F000F6E0B /* DirectoryViewModel.swift in Sources */,
				C5631C8721931DFD00BE9476 /* PDFViewController.swift in Sources */,
				C5C0A917218338CF004A7F69 /* FileViewController.swift in Sources */,
				C5F7C79B2184A0EC009368B3 /* FolderViewController.swift in Sources */,
				C5631C8B2193910900BE9476 /* Content.swift in Sources */,
				C5DE22352181D956003376B3 /* DirectoryController.swift in Sources */,
				C53389602194BAA10028F84A /* Type.swift in Sources */,
				C5631C8921932F8900BE9476 /* TextViewController.swift in Sources */,
				C537C18D218869BA009036EA /* FolderAndFileCell.swift in Sources */,
				C537C18F21886D75009036EA /* Brains.swift in Sources */,
				C5274BB421A17C3A00144BD6 /* Helper.swift in Sources */,
				C5F7721B218B08770091EBBB /* ImageViewController.swift in Sources */,
				C5DE221F2181D741003376B3 /* AppDelegate.swift in Sources */,
			);
			runOnlyForDeploymentPostprocessing = 0;
		};
/* End PBXSourcesBuildPhase section */

/* Begin PBXVariantGroup section */
		C5DE22222181D741003376B3 /* Main.storyboard */ = {
			isa = PBXVariantGroup;
			children = (
				C5DE22232181D741003376B3 /* Base */,
			);
			name = Main.storyboard;
			sourceTree = "<group>";
		};
		C5DE22272181D748003376B3 /* LaunchScreen.storyboard */ = {
			isa = PBXVariantGroup;
			children = (
				C5DE22282181D748003376B3 /* Base */,
			);
			name = LaunchScreen.storyboard;
			sourceTree = "<group>";
		};
/* End PBXVariantGroup section */

/* Begin XCBuildConfiguration section */
		C5DE222B2181D748003376B3 /* Debug */ = {
			isa = XCBuildConfiguration;
			buildSettings = {
				ALWAYS_SEARCH_USER_PATHS = NO;
				CLANG_ANALYZER_NONNULL = YES;
				CLANG_ANALYZER_NUMBER_OBJECT_CONVERSION = YES_AGGRESSIVE;
				CLANG_CXX_LANGUAGE_STANDARD = "gnu++14";
				CLANG_CXX_LIBRARY = "libc++";
				CLANG_ENABLE_MODULES = YES;
				CLANG_ENABLE_OBJC_ARC = YES;
				CLANG_ENABLE_OBJC_WEAK = YES;
				CLANG_WARN_BLOCK_CAPTURE_AUTORELEASING = YES;
				CLANG_WARN_BOOL_CONVERSION = YES;
				CLANG_WARN_COMMA = YES;
				CLANG_WARN_CONSTANT_CONVERSION = YES;
				CLANG_WARN_DEPRECATED_OBJC_IMPLEMENTATIONS = YES;
				CLANG_WARN_DIRECT_OBJC_ISA_USAGE = YES_ERROR;
				CLANG_WARN_DOCUMENTATION_COMMENTS = YES;
				CLANG_WARN_EMPTY_BODY = YES;
				CLANG_WARN_ENUM_CONVERSION = YES;
				CLANG_WARN_INFINITE_RECURSION = YES;
				CLANG_WARN_INT_CONVERSION = YES;
				CLANG_WARN_NON_LITERAL_NULL_CONVERSION = YES;
				CLANG_WARN_OBJC_IMPLICIT_RETAIN_SELF = YES;
				CLANG_WARN_OBJC_LITERAL_CONVERSION = YES;
				CLANG_WARN_OBJC_ROOT_CLASS = YES_ERROR;
				CLANG_WARN_RANGE_LOOP_ANALYSIS = YES;
				CLANG_WARN_STRICT_PROTOTYPES = YES;
				CLANG_WARN_SUSPICIOUS_MOVE = YES;
				CLANG_WARN_UNGUARDED_AVAILABILITY = YES_AGGRESSIVE;
				CLANG_WARN_UNREACHABLE_CODE = YES;
				CLANG_WARN__DUPLICATE_METHOD_MATCH = YES;
				CODE_SIGN_IDENTITY = "iPhone Developer";
				COPY_PHASE_STRIP = NO;
				DEBUG_INFORMATION_FORMAT = dwarf;
				ENABLE_STRICT_OBJC_MSGSEND = YES;
				ENABLE_TESTABILITY = YES;
				GCC_C_LANGUAGE_STANDARD = gnu11;
				GCC_DYNAMIC_NO_PIC = NO;
				GCC_NO_COMMON_BLOCKS = YES;
				GCC_OPTIMIZATION_LEVEL = 0;
				GCC_PREPROCESSOR_DEFINITIONS = (
					"DEBUG=1",
					"$(inherited)",
				);
				GCC_WARN_64_TO_32_BIT_CONVERSION = YES;
				GCC_WARN_ABOUT_RETURN_TYPE = YES_ERROR;
				GCC_WARN_UNDECLARED_SELECTOR = YES;
				GCC_WARN_UNINITIALIZED_AUTOS = YES_AGGRESSIVE;
				GCC_WARN_UNUSED_FUNCTION = YES;
				GCC_WARN_UNUSED_VARIABLE = YES;
				IPHONEOS_DEPLOYMENT_TARGET = 12.0;
				MTL_ENABLE_DEBUG_INFO = INCLUDE_SOURCE;
				MTL_FAST_MATH = YES;
				ONLY_ACTIVE_ARCH = YES;
				SDKROOT = iphoneos;
				SWIFT_ACTIVE_COMPILATION_CONDITIONS = DEBUG;
				SWIFT_OPTIMIZATION_LEVEL = "-Onone";
			};
			name = Debug;
		};
		C5DE222C2181D748003376B3 /* Release */ = {
			isa = XCBuildConfiguration;
			buildSettings = {
				ALWAYS_SEARCH_USER_PATHS = NO;
				CLANG_ANALYZER_NONNULL = YES;
				CLANG_ANALYZER_NUMBER_OBJECT_CONVERSION = YES_AGGRESSIVE;
				CLANG_CXX_LANGUAGE_STANDARD = "gnu++14";
				CLANG_CXX_LIBRARY = "libc++";
				CLANG_ENABLE_MODULES = YES;
				CLANG_ENABLE_OBJC_ARC = YES;
				CLANG_ENABLE_OBJC_WEAK = YES;
				CLANG_WARN_BLOCK_CAPTURE_AUTORELEASING = YES;
				CLANG_WARN_BOOL_CONVERSION = YES;
				CLANG_WARN_COMMA = YES;
				CLANG_WARN_CONSTANT_CONVERSION = YES;
				CLANG_WARN_DEPRECATED_OBJC_IMPLEMENTATIONS = YES;
				CLANG_WARN_DIRECT_OBJC_ISA_USAGE = YES_ERROR;
				CLANG_WARN_DOCUMENTATION_COMMENTS = YES;
				CLANG_WARN_EMPTY_BODY = YES;
				CLANG_WARN_ENUM_CONVERSION = YES;
				CLANG_WARN_INFINITE_RECURSION = YES;
				CLANG_WARN_INT_CONVERSION = YES;
				CLANG_WARN_NON_LITERAL_NULL_CONVERSION = YES;
				CLANG_WARN_OBJC_IMPLICIT_RETAIN_SELF = YES;
				CLANG_WARN_OBJC_LITERAL_CONVERSION = YES;
				CLANG_WARN_OBJC_ROOT_CLASS = YES_ERROR;
				CLANG_WARN_RANGE_LOOP_ANALYSIS = YES;
				CLANG_WARN_STRICT_PROTOTYPES = YES;
				CLANG_WARN_SUSPICIOUS_MOVE = YES;
				CLANG_WARN_UNGUARDED_AVAILABILITY = YES_AGGRESSIVE;
				CLANG_WARN_UNREACHABLE_CODE = YES;
				CLANG_WARN__DUPLICATE_METHOD_MATCH = YES;
				CODE_SIGN_IDENTITY = "iPhone Developer";
				COPY_PHASE_STRIP = NO;
				DEBUG_INFORMATION_FORMAT = "dwarf-with-dsym";
				ENABLE_NS_ASSERTIONS = NO;
				ENABLE_STRICT_OBJC_MSGSEND = YES;
				GCC_C_LANGUAGE_STANDARD = gnu11;
				GCC_NO_COMMON_BLOCKS = YES;
				GCC_WARN_64_TO_32_BIT_CONVERSION = YES;
				GCC_WARN_ABOUT_RETURN_TYPE = YES_ERROR;
				GCC_WARN_UNDECLARED_SELECTOR = YES;
				GCC_WARN_UNINITIALIZED_AUTOS = YES_AGGRESSIVE;
				GCC_WARN_UNUSED_FUNCTION = YES;
				GCC_WARN_UNUSED_VARIABLE = YES;
				IPHONEOS_DEPLOYMENT_TARGET = 12.0;
				MTL_ENABLE_DEBUG_INFO = NO;
				MTL_FAST_MATH = YES;
				SDKROOT = iphoneos;
				SWIFT_COMPILATION_MODE = wholemodule;
				SWIFT_OPTIMIZATION_LEVEL = "-O";
				VALIDATE_PRODUCT = YES;
			};
			name = Release;
		};
		C5DE222E2181D748003376B3 /* Debug */ = {
			isa = XCBuildConfiguration;
			baseConfigurationReference = B95AAC849C26D0C90452099C /* Pods-File Manager.debug.xcconfig */;
			buildSettings = {
				ASSETCATALOG_COMPILER_APPICON_NAME = AppIcon;
				CODE_SIGN_STYLE = Automatic;
				DEVELOPMENT_TEAM = 6Y629BRJP4;
				INFOPLIST_FILE = "File Manager/Info.plist";
				LD_RUNPATH_SEARCH_PATHS = (
					"$(inherited)",
					"@executable_path/Frameworks",
				);
				PRODUCT_BUNDLE_IDENTIFIER = "serhii.File-Manager";
				PRODUCT_NAME = "$(TARGET_NAME)";
				SWIFT_VERSION = 4.2;
				TARGETED_DEVICE_FAMILY = "1,2";
			};
			name = Debug;
		};
		C5DE222F2181D748003376B3 /* Release */ = {
			isa = XCBuildConfiguration;
			baseConfigurationReference = 4628B7DEBA83BBD0FDBB3A00 /* Pods-File Manager.release.xcconfig */;
			buildSettings = {
				ASSETCATALOG_COMPILER_APPICON_NAME = AppIcon;
				CODE_SIGN_STYLE = Automatic;
				DEVELOPMENT_TEAM = 6Y629BRJP4;
				INFOPLIST_FILE = "File Manager/Info.plist";
				LD_RUNPATH_SEARCH_PATHS = (
					"$(inherited)",
					"@executable_path/Frameworks",
				);
				PRODUCT_BUNDLE_IDENTIFIER = "serhii.File-Manager";
				PRODUCT_NAME = "$(TARGET_NAME)";
				SWIFT_VERSION = 4.2;
				TARGETED_DEVICE_FAMILY = "1,2";
			};
			name = Release;
		};
/* End XCBuildConfiguration section */

/* Begin XCConfigurationList section */
		C5DE22162181D741003376B3 /* Build configuration list for PBXProject "File Manager" */ = {
			isa = XCConfigurationList;
			buildConfigurations = (
				C5DE222B2181D748003376B3 /* Debug */,
				C5DE222C2181D748003376B3 /* Release */,
			);
			defaultConfigurationIsVisible = 0;
			defaultConfigurationName = Release;
		};
		C5DE222D2181D748003376B3 /* Build configuration list for PBXNativeTarget "File Manager" */ = {
			isa = XCConfigurationList;
			buildConfigurations = (
				C5DE222E2181D748003376B3 /* Debug */,
				C5DE222F2181D748003376B3 /* Release */,
			);
			defaultConfigurationIsVisible = 0;
			defaultConfigurationName = Release;
		};
/* End XCConfigurationList section */
	};
	rootObject = C5DE22132181D741003376B3 /* Project object */;
}
